
Microsoft Visual Studio Solution File, Format Version 12.00
# Visual Studio Version 16
VisualStudioVersion = 16.0.30114.105
MinimumVisualStudioVersion = 10.0.40219.1
Project("{2150E333-8FDC-42A3-9474-1A3956D46DE8}") = "Services", "Services", "{F1E9DBFB-1681-4AA4-9F65-76560C4F4A0C}"
EndProject
Project("{2150E333-8FDC-42A3-9474-1A3956D46DE8}") = "Catalog", "Catalog", "{E4454308-0BDA-4DCD-BE23-11643152DBDC}"
EndProject
Project("{FAE04EC0-301F-11D3-BF4B-00C04F79EFBC}") = "Catalog.API", "Services\Catalog\Catalog.API\Catalog.API.csproj", "{8F24F0E7-E62E-489E-AF6C-AF11C84C8185}"
EndProject
Project("{E53339B2-1760-4266-BCC7-CA923CBCF16C}") = "docker-compose", "docker-compose.dcproj", "{68805BCF-ACDA-4E93-8ABA-7AC882959E53}"
EndProject
Project("{2150E333-8FDC-42A3-9474-1A3956D46DE8}") = "Basket", "Basket", "{F8D88BD1-9880-4729-89B0-F6909328C526}"
EndProject
Project("{FAE04EC0-301F-11D3-BF4B-00C04F79EFBC}") = "Basket.API", "Services\Basket\Basket.API\Basket.API.csproj", "{05588CEA-6A6A-4776-9D0F-7420806D682B}"
EndProject
Global
	GlobalSection(SolutionConfigurationPlatforms) = preSolution
		Debug|Any CPU = Debug|Any CPU
		Release|Any CPU = Release|Any CPU
	EndGlobalSection
	GlobalSection(SolutionProperties) = preSolution
		HideSolutionNode = FALSE
	EndGlobalSection
	GlobalSection(ProjectConfigurationPlatforms) = postSolution
		{8F24F0E7-E62E-489E-AF6C-AF11C84C8185}.Debug|Any CPU.ActiveCfg = Debug|Any CPU
		{8F24F0E7-E62E-489E-AF6C-AF11C84C8185}.Debug|Any CPU.Build.0 = Debug|Any CPU
		{8F24F0E7-E62E-489E-AF6C-AF11C84C8185}.Release|Any CPU.ActiveCfg = Release|Any CPU
		{8F24F0E7-E62E-489E-AF6C-AF11C84C8185}.Release|Any CPU.Build.0 = Release|Any CPU
		{68805BCF-ACDA-4E93-8ABA-7AC882959E53}.Debug|Any CPU.ActiveCfg = Debug|Any CPU
		{68805BCF-ACDA-4E93-8ABA-7AC882959E53}.Debug|Any CPU.Build.0 = Debug|Any CPU
		{68805BCF-ACDA-4E93-8ABA-7AC882959E53}.Release|Any CPU.ActiveCfg = Release|Any CPU
		{68805BCF-ACDA-4E93-8ABA-7AC882959E53}.Release|Any CPU.Build.0 = Release|Any CPU
		{05588CEA-6A6A-4776-9D0F-7420806D682B}.Debug|Any CPU.ActiveCfg = Debug|Any CPU
		{05588CEA-6A6A-4776-9D0F-7420806D682B}.Debug|Any CPU.Build.0 = Debug|Any CPU
		{05588CEA-6A6A-4776-9D0F-7420806D682B}.Release|Any CPU.ActiveCfg = Release|Any CPU
		{05588CEA-6A6A-4776-9D0F-7420806D682B}.Release|Any CPU.Build.0 = Release|Any CPU
	EndGlobalSection
	GlobalSection(NestedProjects) = preSolution
		{E4454308-0BDA-4DCD-BE23-11643152DBDC} = {F1E9DBFB-1681-4AA4-9F65-76560C4F4A0C}
		{8F24F0E7-E62E-489E-AF6C-AF11C84C8185} = {E4454308-0BDA-4DCD-BE23-11643152DBDC}
		{F8D88BD1-9880-4729-89B0-F6909328C526} = {F1E9DBFB-1681-4AA4-9F65-76560C4F4A0C}
		{05588CEA-6A6A-4776-9D0F-7420806D682B} = {F8D88BD1-9880-4729-89B0-F6909328C526}
	EndGlobalSection
EndGlobal
